
Microsoft Visual Studio Solution File, Format Version 12.00
# Visual Studio 2013
VisualStudioVersion = 12.0.31101.0
MinimumVisualStudioVersion = 10.0.40219.1
Project("{FAE04EC0-301F-11D3-BF4B-00C04F79EFBC}") = "01. Exchange If Greater", "01. Exchange If Greater\01. Exchange If Greater.csproj", "{DA6E8C93-B618-424D-A73B-1015A85A98CC}"
EndProject
Project("{FAE04EC0-301F-11D3-BF4B-00C04F79EFBC}") = "02. Bonus Score", "02. Bonus Score\02. Bonus Score.csproj", "{D9C3E9B2-4782-4057-8BB6-8D73FC7CC1F6}"
EndProject
Project("{FAE04EC0-301F-11D3-BF4B-00C04F79EFBC}") = "03. Check for a Play Card", "03. Check for a Play Card\03. Check for a Play Card.csproj", "{C35089C8-4D3C-42E5-9433-23EC1986C5CD}"
EndProject
Project("{FAE04EC0-301F-11D3-BF4B-00C04F79EFBC}") = "04. Multiplication Sign", "04. Multiplication Sign\04. Multiplication Sign.csproj", "{C27D6E0A-417B-4E63-A0AE-2BF3570387AE}"
EndProject
Project("{FAE04EC0-301F-11D3-BF4B-00C04F79EFBC}") = "05. The Biggest of 3 Numbers", "05. The Biggest of 3 Numbers\05. The Biggest of 3 Numbers.csproj", "{1381AF0E-7225-4A35-94EB-68F264BC0EF5}"
EndProject
Project("{FAE04EC0-301F-11D3-BF4B-00C04F79EFBC}") = "06. The Biggest of Five Numbers", "06. The Biggest of Five Numbers\06. The Biggest of Five Numbers.csproj", "{AA0AD667-18F7-435E-818F-7CD830AC4473}"
EndProject
Project("{FAE04EC0-301F-11D3-BF4B-00C04F79EFBC}") = "07. Sort 3 Numbers with Nested Ifs", "07. Sort 3 Numbers with Nested Ifs\07. Sort 3 Numbers with Nested Ifs.csproj", "{79AB45A4-5AFF-4496-A42B-ADF676F8DEF8}"
EndProject
Project("{FAE04EC0-301F-11D3-BF4B-00C04F79EFBC}") = "08. Digit as Word", "08. Digit as Word\08. Digit as Word.csproj", "{44646636-800A-4911-9422-232C7BEE2807}"
EndProject
Project("{FAE04EC0-301F-11D3-BF4B-00C04F79EFBC}") = "09. Play with Int, Double and String", "09. Play with Int, Double and String\09. Play with Int, Double and String.csproj", "{51F29C7B-7562-4FDD-B5F1-8182A18E38A8}"
EndProject
Project("{FAE04EC0-301F-11D3-BF4B-00C04F79EFBC}") = "Problem 10. Beer Time", "Problem 10. Beer Time\Problem 10. Beer Time.csproj", "{C5B42FE6-BAFF-4C63-B808-FF5F8782ACD7}"
EndProject
Global
	GlobalSection(SolutionConfigurationPlatforms) = preSolution
		Debug|Any CPU = Debug|Any CPU
		Release|Any CPU = Release|Any CPU
	EndGlobalSection
	GlobalSection(ProjectConfigurationPlatforms) = postSolution
		{DA6E8C93-B618-424D-A73B-1015A85A98CC}.Debug|Any CPU.ActiveCfg = Debug|Any CPU
		{DA6E8C93-B618-424D-A73B-1015A85A98CC}.Debug|Any CPU.Build.0 = Debug|Any CPU
		{DA6E8C93-B618-424D-A73B-1015A85A98CC}.Release|Any CPU.ActiveCfg = Release|Any CPU
		{DA6E8C93-B618-424D-A73B-1015A85A98CC}.Release|Any CPU.Build.0 = Release|Any CPU
		{D9C3E9B2-4782-4057-8BB6-8D73FC7CC1F6}.Debug|Any CPU.ActiveCfg = Debug|Any CPU
		{D9C3E9B2-4782-4057-8BB6-8D73FC7CC1F6}.Debug|Any CPU.Build.0 = Debug|Any CPU
		{D9C3E9B2-4782-4057-8BB6-8D73FC7CC1F6}.Release|Any CPU.ActiveCfg = Release|Any CPU
		{D9C3E9B2-4782-4057-8BB6-8D73FC7CC1F6}.Release|Any CPU.Build.0 = Release|Any CPU
		{C35089C8-4D3C-42E5-9433-23EC1986C5CD}.Debug|Any CPU.ActiveCfg = Debug|Any CPU
		{C35089C8-4D3C-42E5-9433-23EC1986C5CD}.Debug|Any CPU.Build.0 = Debug|Any CPU
		{C35089C8-4D3C-42E5-9433-23EC1986C5CD}.Release|Any CPU.ActiveCfg = Release|Any CPU
		{C35089C8-4D3C-42E5-9433-23EC1986C5CD}.Release|Any CPU.Build.0 = Release|Any CPU
		{C27D6E0A-417B-4E63-A0AE-2BF3570387AE}.Debug|Any CPU.ActiveCfg = Debug|Any CPU
		{C27D6E0A-417B-4E63-A0AE-2BF3570387AE}.Debug|Any CPU.Build.0 = Debug|Any CPU
		{C27D6E0A-417B-4E63-A0AE-2BF3570387AE}.Release|Any CPU.ActiveCfg = Release|Any CPU
		{C27D6E0A-417B-4E63-A0AE-2BF3570387AE}.Release|Any CPU.Build.0 = Release|Any CPU
		{1381AF0E-7225-4A35-94EB-68F264BC0EF5}.Debug|Any CPU.ActiveCfg = Debug|Any CPU
		{1381AF0E-7225-4A35-94EB-68F264BC0EF5}.Debug|Any CPU.Build.0 = Debug|Any CPU
		{1381AF0E-7225-4A35-94EB-68F264BC0EF5}.Release|Any CPU.ActiveCfg = Release|Any CPU
		{1381AF0E-7225-4A35-94EB-68F264BC0EF5}.Release|Any CPU.Build.0 = Release|Any CPU
		{AA0AD667-18F7-435E-818F-7CD830AC4473}.Debug|Any CPU.ActiveCfg = Debug|Any CPU
		{AA0AD667-18F7-435E-818F-7CD830AC4473}.Debug|Any CPU.Build.0 = Debug|Any CPU
		{AA0AD667-18F7-435E-818F-7CD830AC4473}.Release|Any CPU.ActiveCfg = Release|Any CPU
		{AA0AD667-18F7-435E-818F-7CD830AC4473}.Release|Any CPU.Build.0 = Release|Any CPU
		{79AB45A4-5AFF-4496-A42B-ADF676F8DEF8}.Debug|Any CPU.ActiveCfg = Debug|Any CPU
		{79AB45A4-5AFF-4496-A42B-ADF676F8DEF8}.Debug|Any CPU.Build.0 = Debug|Any CPU
		{79AB45A4-5AFF-4496-A42B-ADF676F8DEF8}.Release|Any CPU.ActiveCfg = Release|Any CPU
		{79AB45A4-5AFF-4496-A42B-ADF676F8DEF8}.Release|Any CPU.Build.0 = Release|Any CPU
		{44646636-800A-4911-9422-232C7BEE2807}.Debug|Any CPU.ActiveCfg = Debug|Any CPU
		{44646636-800A-4911-9422-232C7BEE2807}.Debug|Any CPU.Build.0 = Debug|Any CPU
		{44646636-800A-4911-9422-232C7BEE2807}.Release|Any CPU.ActiveCfg = Release|Any CPU
		{44646636-800A-4911-9422-232C7BEE2807}.Release|Any CPU.Build.0 = Release|Any CPU
		{51F29C7B-7562-4FDD-B5F1-8182A18E38A8}.Debug|Any CPU.ActiveCfg = Debug|Any CPU
		{51F29C7B-7562-4FDD-B5F1-8182A18E38A8}.Debug|Any CPU.Build.0 = Debug|Any CPU
		{51F29C7B-7562-4FDD-B5F1-8182A18E38A8}.Release|Any CPU.ActiveCfg = Release|Any CPU
		{51F29C7B-7562-4FDD-B5F1-8182A18E38A8}.Release|Any CPU.Build.0 = Release|Any CPU
		{C5B42FE6-BAFF-4C63-B808-FF5F8782ACD7}.Debug|Any CPU.ActiveCfg = Debug|Any CPU
		{C5B42FE6-BAFF-4C63-B808-FF5F8782ACD7}.Debug|Any CPU.Build.0 = Debug|Any CPU
		{C5B42FE6-BAFF-4C63-B808-FF5F8782ACD7}.Release|Any CPU.ActiveCfg = Release|Any CPU
		{C5B42FE6-BAFF-4C63-B808-FF5F8782ACD7}.Release|Any CPU.Build.0 = Release|Any CPU
	EndGlobalSection
	GlobalSection(SolutionProperties) = preSolution
		HideSolutionNode = FALSE
	EndGlobalSection
EndGlobal
