
Microsoft Visual Studio Solution File, Format Version 12.00
# Visual Studio 2013
VisualStudioVersion = 12.0.31101.0
MinimumVisualStudioVersion = 10.0.40219.1
Project("{FAE04EC0-301F-11D3-BF4B-00C04F79EFBC}") = "01. Sum of 3 Numbers", "01. Sum of 3 Numbers\01. Sum of 3 Numbers.csproj", "{1C19984A-0DF7-4E1F-A8FA-E30F11CB2698}"
EndProject
Project("{FAE04EC0-301F-11D3-BF4B-00C04F79EFBC}") = "02. Print Company Information", "02. Print Company Information\02. Print Company Information.csproj", "{E6F63C23-3E6F-4DA3-A6F9-AA6A2EC5A07A}"
EndProject
Project("{FAE04EC0-301F-11D3-BF4B-00C04F79EFBC}") = "03. Circle Perimeter and Area", "03. Circle Perimeter and Area\03. Circle Perimeter and Area.csproj", "{8C81F47D-A47F-4981-A89E-D50E44659334}"
EndProject
Project("{FAE04EC0-301F-11D3-BF4B-00C04F79EFBC}") = "04. Number Comparer", "04. Number Comparer\04. Number Comparer.csproj", "{5D585C1D-D516-4D1A-9C94-262F3B3FF2AE}"
EndProject
Project("{FAE04EC0-301F-11D3-BF4B-00C04F79EFBC}") = "05. Formatting Numbers", "05. Formatting Numbers\05. Formatting Numbers.csproj", "{ACCB3EF6-89FA-46D1-A890-FE6324C1B01C}"
EndProject
Project("{FAE04EC0-301F-11D3-BF4B-00C04F79EFBC}") = "06. Quadratic Equation", "06. Quadratic Equation\06. Quadratic Equation.csproj", "{2918C858-0671-4147-9C64-B3ED3DB58CF0}"
EndProject
Project("{FAE04EC0-301F-11D3-BF4B-00C04F79EFBC}") = "07. Sum of 5 Numbers", "07. Sum of 5 Numbers\07. Sum of 5 Numbers.csproj", "{29FF3E2E-757E-4020-8C9A-31F682E92739}"
EndProject
Project("{FAE04EC0-301F-11D3-BF4B-00C04F79EFBC}") = "08. Numbers from 1 to n", "08. Numbers from 1 to n\08. Numbers from 1 to n.csproj", "{F906F49C-77AA-4F26-8EAC-23D5D5B7003D}"
EndProject
Project("{FAE04EC0-301F-11D3-BF4B-00C04F79EFBC}") = "09. Sum of n Numbers", "09. Sum of n Numbers\09. Sum of n Numbers.csproj", "{87E18B27-3F4A-471E-A792-B0A349C5E404}"
EndProject
Project("{FAE04EC0-301F-11D3-BF4B-00C04F79EFBC}") = "10. Fibonacci Numbers", "10. Fibonacci Numbers\10. Fibonacci Numbers.csproj", "{C1CFF449-CA0D-47BF-A6A1-16F854D00CA4}"
EndProject
Global
	GlobalSection(SolutionConfigurationPlatforms) = preSolution
		Debug|Any CPU = Debug|Any CPU
		Release|Any CPU = Release|Any CPU
	EndGlobalSection
	GlobalSection(ProjectConfigurationPlatforms) = postSolution
		{1C19984A-0DF7-4E1F-A8FA-E30F11CB2698}.Debug|Any CPU.ActiveCfg = Debug|Any CPU
		{1C19984A-0DF7-4E1F-A8FA-E30F11CB2698}.Debug|Any CPU.Build.0 = Debug|Any CPU
		{1C19984A-0DF7-4E1F-A8FA-E30F11CB2698}.Release|Any CPU.ActiveCfg = Release|Any CPU
		{1C19984A-0DF7-4E1F-A8FA-E30F11CB2698}.Release|Any CPU.Build.0 = Release|Any CPU
		{E6F63C23-3E6F-4DA3-A6F9-AA6A2EC5A07A}.Debug|Any CPU.ActiveCfg = Debug|Any CPU
		{E6F63C23-3E6F-4DA3-A6F9-AA6A2EC5A07A}.Debug|Any CPU.Build.0 = Debug|Any CPU
		{E6F63C23-3E6F-4DA3-A6F9-AA6A2EC5A07A}.Release|Any CPU.ActiveCfg = Release|Any CPU
		{E6F63C23-3E6F-4DA3-A6F9-AA6A2EC5A07A}.Release|Any CPU.Build.0 = Release|Any CPU
		{8C81F47D-A47F-4981-A89E-D50E44659334}.Debug|Any CPU.ActiveCfg = Debug|Any CPU
		{8C81F47D-A47F-4981-A89E-D50E44659334}.Debug|Any CPU.Build.0 = Debug|Any CPU
		{8C81F47D-A47F-4981-A89E-D50E44659334}.Release|Any CPU.ActiveCfg = Release|Any CPU
		{8C81F47D-A47F-4981-A89E-D50E44659334}.Release|Any CPU.Build.0 = Release|Any CPU
		{5D585C1D-D516-4D1A-9C94-262F3B3FF2AE}.Debug|Any CPU.ActiveCfg = Debug|Any CPU
		{5D585C1D-D516-4D1A-9C94-262F3B3FF2AE}.Debug|Any CPU.Build.0 = Debug|Any CPU
		{5D585C1D-D516-4D1A-9C94-262F3B3FF2AE}.Release|Any CPU.ActiveCfg = Release|Any CPU
		{5D585C1D-D516-4D1A-9C94-262F3B3FF2AE}.Release|Any CPU.Build.0 = Release|Any CPU
		{ACCB3EF6-89FA-46D1-A890-FE6324C1B01C}.Debug|Any CPU.ActiveCfg = Debug|Any CPU
		{ACCB3EF6-89FA-46D1-A890-FE6324C1B01C}.Debug|Any CPU.Build.0 = Debug|Any CPU
		{ACCB3EF6-89FA-46D1-A890-FE6324C1B01C}.Release|Any CPU.ActiveCfg = Release|Any CPU
		{ACCB3EF6-89FA-46D1-A890-FE6324C1B01C}.Release|Any CPU.Build.0 = Release|Any CPU
		{2918C858-0671-4147-9C64-B3ED3DB58CF0}.Debug|Any CPU.ActiveCfg = Debug|Any CPU
		{2918C858-0671-4147-9C64-B3ED3DB58CF0}.Debug|Any CPU.Build.0 = Debug|Any CPU
		{2918C858-0671-4147-9C64-B3ED3DB58CF0}.Release|Any CPU.ActiveCfg = Release|Any CPU
		{2918C858-0671-4147-9C64-B3ED3DB58CF0}.Release|Any CPU.Build.0 = Release|Any CPU
		{29FF3E2E-757E-4020-8C9A-31F682E92739}.Debug|Any CPU.ActiveCfg = Debug|Any CPU
		{29FF3E2E-757E-4020-8C9A-31F682E92739}.Debug|Any CPU.Build.0 = Debug|Any CPU
		{29FF3E2E-757E-4020-8C9A-31F682E92739}.Release|Any CPU.ActiveCfg = Release|Any CPU
		{29FF3E2E-757E-4020-8C9A-31F682E92739}.Release|Any CPU.Build.0 = Release|Any CPU
		{F906F49C-77AA-4F26-8EAC-23D5D5B7003D}.Debug|Any CPU.ActiveCfg = Debug|Any CPU
		{F906F49C-77AA-4F26-8EAC-23D5D5B7003D}.Debug|Any CPU.Build.0 = Debug|Any CPU
		{F906F49C-77AA-4F26-8EAC-23D5D5B7003D}.Release|Any CPU.ActiveCfg = Release|Any CPU
		{F906F49C-77AA-4F26-8EAC-23D5D5B7003D}.Release|Any CPU.Build.0 = Release|Any CPU
		{87E18B27-3F4A-471E-A792-B0A349C5E404}.Debug|Any CPU.ActiveCfg = Debug|Any CPU
		{87E18B27-3F4A-471E-A792-B0A349C5E404}.Debug|Any CPU.Build.0 = Debug|Any CPU
		{87E18B27-3F4A-471E-A792-B0A349C5E404}.Release|Any CPU.ActiveCfg = Release|Any CPU
		{87E18B27-3F4A-471E-A792-B0A349C5E404}.Release|Any CPU.Build.0 = Release|Any CPU
		{C1CFF449-CA0D-47BF-A6A1-16F854D00CA4}.Debug|Any CPU.ActiveCfg = Debug|Any CPU
		{C1CFF449-CA0D-47BF-A6A1-16F854D00CA4}.Debug|Any CPU.Build.0 = Debug|Any CPU
		{C1CFF449-CA0D-47BF-A6A1-16F854D00CA4}.Release|Any CPU.ActiveCfg = Release|Any CPU
		{C1CFF449-CA0D-47BF-A6A1-16F854D00CA4}.Release|Any CPU.Build.0 = Release|Any CPU
	EndGlobalSection
	GlobalSection(SolutionProperties) = preSolution
		HideSolutionNode = FALSE
	EndGlobalSection
EndGlobal
