
Microsoft Visual Studio Solution File, Format Version 12.00
# Visual Studio 2013
VisualStudioVersion = 12.0.31101.0
MinimumVisualStudioVersion = 10.0.40219.1
Project("{FAE04EC0-301F-11D3-BF4B-00C04F79EFBC}") = "01. Odd or Even Integers", "01. Odd or Even Integers\01. Odd or Even Integers.csproj", "{E0558BAB-8374-4880-BD83-B1CD2A0EEE61}"
EndProject
Project("{FAE04EC0-301F-11D3-BF4B-00C04F79EFBC}") = "02. Gravitation on the Moon", "02. Gravitation on the Moon\02. Gravitation on the Moon.csproj", "{ADA14B1B-07A3-4B09-939E-5036C843670C}"
EndProject
Project("{FAE04EC0-301F-11D3-BF4B-00C04F79EFBC}") = "03. Divide by 7 and 5", "03. Divide by 7 and 5\03. Divide by 7 and 5.csproj", "{E4777750-DAB5-43D4-81E2-A9B27501BBBD}"
EndProject
Project("{FAE04EC0-301F-11D3-BF4B-00C04F79EFBC}") = "04. Rectangles", "04. Rectangles\04. Rectangles.csproj", "{BCE2D960-208D-4FCC-87C6-213C2D2D87AE}"
EndProject
Project("{FAE04EC0-301F-11D3-BF4B-00C04F79EFBC}") = "05. Third Digit is 7", "05. Third Digit is 7\05. Third Digit is 7.csproj", "{D2A80FAE-4057-48DD-AFEF-C1DE0699B1B1}"
EndProject
Project("{FAE04EC0-301F-11D3-BF4B-00C04F79EFBC}") = "06. Four-Digit Number", "06. Four-Digit Number\06. Four-Digit Number.csproj", "{35F780A9-D7CF-4D4F-A618-D09579A14DE6}"
EndProject
Project("{FAE04EC0-301F-11D3-BF4B-00C04F79EFBC}") = "07. Point in a Circle", "07. Point in a Circle\07. Point in a Circle.csproj", "{2D089D64-1DC8-4CB7-B0C8-3162230A0FF4}"
EndProject
Project("{FAE04EC0-301F-11D3-BF4B-00C04F79EFBC}") = "08. Prime Number Check", "08. Prime Number Check\08. Prime Number Check.csproj", "{2C695F44-751F-4A0A-8470-4E2813BEA41E}"
EndProject
Project("{FAE04EC0-301F-11D3-BF4B-00C04F79EFBC}") = "09. Trapezoids", "09. Trapezoids\09. Trapezoids.csproj", "{473CDA09-273A-42D0-AFD1-808B38992A4A}"
EndProject
Project("{FAE04EC0-301F-11D3-BF4B-00C04F79EFBC}") = "10. Point Inside a Circle Outside of a Rectangle", "10. Point Inside a Circle Outside of a Rectangle\10. Point Inside a Circle Outside of a Rectangle.csproj", "{24846D93-D89E-43A3-AFB0-AC367599E821}"
EndProject
Project("{FAE04EC0-301F-11D3-BF4B-00C04F79EFBC}") = "11. Bitwise Extract Bit 3", "11. Bitwise Extract Bit 3\11. Bitwise Extract Bit 3.csproj", "{118B6500-FF5D-4811-B75C-5D69F552D3C5}"
EndProject
Project("{FAE04EC0-301F-11D3-BF4B-00C04F79EFBC}") = "12. Extract Bit from Integer", "12. Extract Bit from Integer\12. Extract Bit from Integer.csproj", "{BE01CD07-62E7-4FA6-84C5-7D845B3B6236}"
EndProject
Project("{FAE04EC0-301F-11D3-BF4B-00C04F79EFBC}") = "13. Check a Bit at Given Position", "13. Check a Bit at Given Position\13. Check a Bit at Given Position.csproj", "{13E7D8F8-A415-4B2B-82EE-D94BDBDCCC05}"
EndProject
Project("{FAE04EC0-301F-11D3-BF4B-00C04F79EFBC}") = "14. Modify a Bit at Given Position", "14. Modify a Bit at Given Position\14. Modify a Bit at Given Position.csproj", "{5F7970EA-6483-4886-BDBE-99AE242C3733}"
EndProject
Project("{FAE04EC0-301F-11D3-BF4B-00C04F79EFBC}") = "15. Bits Exchange", "15. Bits Exchange\15. Bits Exchange.csproj", "{19981639-A6E5-458A-8CB0-33A0C58FE833}"
EndProject
Project("{FAE04EC0-301F-11D3-BF4B-00C04F79EFBC}") = "16. Bit Exchange Advanced", "16. Bit Exchange Advanced\16. Bit Exchange Advanced.csproj", "{87262606-19D6-497E-A3C0-426026B77B9E}"
EndProject
Global
	GlobalSection(SolutionConfigurationPlatforms) = preSolution
		Debug|Any CPU = Debug|Any CPU
		Release|Any CPU = Release|Any CPU
	EndGlobalSection
	GlobalSection(ProjectConfigurationPlatforms) = postSolution
		{E0558BAB-8374-4880-BD83-B1CD2A0EEE61}.Debug|Any CPU.ActiveCfg = Debug|Any CPU
		{E0558BAB-8374-4880-BD83-B1CD2A0EEE61}.Debug|Any CPU.Build.0 = Debug|Any CPU
		{E0558BAB-8374-4880-BD83-B1CD2A0EEE61}.Release|Any CPU.ActiveCfg = Release|Any CPU
		{E0558BAB-8374-4880-BD83-B1CD2A0EEE61}.Release|Any CPU.Build.0 = Release|Any CPU
		{ADA14B1B-07A3-4B09-939E-5036C843670C}.Debug|Any CPU.ActiveCfg = Debug|Any CPU
		{ADA14B1B-07A3-4B09-939E-5036C843670C}.Debug|Any CPU.Build.0 = Debug|Any CPU
		{ADA14B1B-07A3-4B09-939E-5036C843670C}.Release|Any CPU.ActiveCfg = Release|Any CPU
		{ADA14B1B-07A3-4B09-939E-5036C843670C}.Release|Any CPU.Build.0 = Release|Any CPU
		{E4777750-DAB5-43D4-81E2-A9B27501BBBD}.Debug|Any CPU.ActiveCfg = Debug|Any CPU
		{E4777750-DAB5-43D4-81E2-A9B27501BBBD}.Debug|Any CPU.Build.0 = Debug|Any CPU
		{E4777750-DAB5-43D4-81E2-A9B27501BBBD}.Release|Any CPU.ActiveCfg = Release|Any CPU
		{E4777750-DAB5-43D4-81E2-A9B27501BBBD}.Release|Any CPU.Build.0 = Release|Any CPU
		{BCE2D960-208D-4FCC-87C6-213C2D2D87AE}.Debug|Any CPU.ActiveCfg = Debug|Any CPU
		{BCE2D960-208D-4FCC-87C6-213C2D2D87AE}.Debug|Any CPU.Build.0 = Debug|Any CPU
		{BCE2D960-208D-4FCC-87C6-213C2D2D87AE}.Release|Any CPU.ActiveCfg = Release|Any CPU
		{BCE2D960-208D-4FCC-87C6-213C2D2D87AE}.Release|Any CPU.Build.0 = Release|Any CPU
		{D2A80FAE-4057-48DD-AFEF-C1DE0699B1B1}.Debug|Any CPU.ActiveCfg = Debug|Any CPU
		{D2A80FAE-4057-48DD-AFEF-C1DE0699B1B1}.Debug|Any CPU.Build.0 = Debug|Any CPU
		{D2A80FAE-4057-48DD-AFEF-C1DE0699B1B1}.Release|Any CPU.ActiveCfg = Release|Any CPU
		{D2A80FAE-4057-48DD-AFEF-C1DE0699B1B1}.Release|Any CPU.Build.0 = Release|Any CPU
		{35F780A9-D7CF-4D4F-A618-D09579A14DE6}.Debug|Any CPU.ActiveCfg = Debug|Any CPU
		{35F780A9-D7CF-4D4F-A618-D09579A14DE6}.Debug|Any CPU.Build.0 = Debug|Any CPU
		{35F780A9-D7CF-4D4F-A618-D09579A14DE6}.Release|Any CPU.ActiveCfg = Release|Any CPU
		{35F780A9-D7CF-4D4F-A618-D09579A14DE6}.Release|Any CPU.Build.0 = Release|Any CPU
		{2D089D64-1DC8-4CB7-B0C8-3162230A0FF4}.Debug|Any CPU.ActiveCfg = Debug|Any CPU
		{2D089D64-1DC8-4CB7-B0C8-3162230A0FF4}.Debug|Any CPU.Build.0 = Debug|Any CPU
		{2D089D64-1DC8-4CB7-B0C8-3162230A0FF4}.Release|Any CPU.ActiveCfg = Release|Any CPU
		{2D089D64-1DC8-4CB7-B0C8-3162230A0FF4}.Release|Any CPU.Build.0 = Release|Any CPU
		{2C695F44-751F-4A0A-8470-4E2813BEA41E}.Debug|Any CPU.ActiveCfg = Debug|Any CPU
		{2C695F44-751F-4A0A-8470-4E2813BEA41E}.Debug|Any CPU.Build.0 = Debug|Any CPU
		{2C695F44-751F-4A0A-8470-4E2813BEA41E}.Release|Any CPU.ActiveCfg = Release|Any CPU
		{2C695F44-751F-4A0A-8470-4E2813BEA41E}.Release|Any CPU.Build.0 = Release|Any CPU
		{473CDA09-273A-42D0-AFD1-808B38992A4A}.Debug|Any CPU.ActiveCfg = Debug|Any CPU
		{473CDA09-273A-42D0-AFD1-808B38992A4A}.Debug|Any CPU.Build.0 = Debug|Any CPU
		{473CDA09-273A-42D0-AFD1-808B38992A4A}.Release|Any CPU.ActiveCfg = Release|Any CPU
		{473CDA09-273A-42D0-AFD1-808B38992A4A}.Release|Any CPU.Build.0 = Release|Any CPU
		{24846D93-D89E-43A3-AFB0-AC367599E821}.Debug|Any CPU.ActiveCfg = Debug|Any CPU
		{24846D93-D89E-43A3-AFB0-AC367599E821}.Debug|Any CPU.Build.0 = Debug|Any CPU
		{24846D93-D89E-43A3-AFB0-AC367599E821}.Release|Any CPU.ActiveCfg = Release|Any CPU
		{24846D93-D89E-43A3-AFB0-AC367599E821}.Release|Any CPU.Build.0 = Release|Any CPU
		{118B6500-FF5D-4811-B75C-5D69F552D3C5}.Debug|Any CPU.ActiveCfg = Debug|Any CPU
		{118B6500-FF5D-4811-B75C-5D69F552D3C5}.Debug|Any CPU.Build.0 = Debug|Any CPU
		{118B6500-FF5D-4811-B75C-5D69F552D3C5}.Release|Any CPU.ActiveCfg = Release|Any CPU
		{118B6500-FF5D-4811-B75C-5D69F552D3C5}.Release|Any CPU.Build.0 = Release|Any CPU
		{BE01CD07-62E7-4FA6-84C5-7D845B3B6236}.Debug|Any CPU.ActiveCfg = Debug|Any CPU
		{BE01CD07-62E7-4FA6-84C5-7D845B3B6236}.Debug|Any CPU.Build.0 = Debug|Any CPU
		{BE01CD07-62E7-4FA6-84C5-7D845B3B6236}.Release|Any CPU.ActiveCfg = Release|Any CPU
		{BE01CD07-62E7-4FA6-84C5-7D845B3B6236}.Release|Any CPU.Build.0 = Release|Any CPU
		{13E7D8F8-A415-4B2B-82EE-D94BDBDCCC05}.Debug|Any CPU.ActiveCfg = Debug|Any CPU
		{13E7D8F8-A415-4B2B-82EE-D94BDBDCCC05}.Debug|Any CPU.Build.0 = Debug|Any CPU
		{13E7D8F8-A415-4B2B-82EE-D94BDBDCCC05}.Release|Any CPU.ActiveCfg = Release|Any CPU
		{13E7D8F8-A415-4B2B-82EE-D94BDBDCCC05}.Release|Any CPU.Build.0 = Release|Any CPU
		{5F7970EA-6483-4886-BDBE-99AE242C3733}.Debug|Any CPU.ActiveCfg = Debug|Any CPU
		{5F7970EA-6483-4886-BDBE-99AE242C3733}.Debug|Any CPU.Build.0 = Debug|Any CPU
		{5F7970EA-6483-4886-BDBE-99AE242C3733}.Release|Any CPU.ActiveCfg = Release|Any CPU
		{5F7970EA-6483-4886-BDBE-99AE242C3733}.Release|Any CPU.Build.0 = Release|Any CPU
		{19981639-A6E5-458A-8CB0-33A0C58FE833}.Debug|Any CPU.ActiveCfg = Debug|Any CPU
		{19981639-A6E5-458A-8CB0-33A0C58FE833}.Debug|Any CPU.Build.0 = Debug|Any CPU
		{19981639-A6E5-458A-8CB0-33A0C58FE833}.Release|Any CPU.ActiveCfg = Release|Any CPU
		{19981639-A6E5-458A-8CB0-33A0C58FE833}.Release|Any CPU.Build.0 = Release|Any CPU
		{87262606-19D6-497E-A3C0-426026B77B9E}.Debug|Any CPU.ActiveCfg = Debug|Any CPU
		{87262606-19D6-497E-A3C0-426026B77B9E}.Debug|Any CPU.Build.0 = Debug|Any CPU
		{87262606-19D6-497E-A3C0-426026B77B9E}.Release|Any CPU.ActiveCfg = Release|Any CPU
		{87262606-19D6-497E-A3C0-426026B77B9E}.Release|Any CPU.Build.0 = Release|Any CPU
	EndGlobalSection
	GlobalSection(SolutionProperties) = preSolution
		HideSolutionNode = FALSE
	EndGlobalSection
EndGlobal
